
Microsoft Visual Studio Solution File, Format Version 12.00
# Visual Studio 14
VisualStudioVersion = 14.0.25123.0
MinimumVisualStudioVersion = 10.0.40219.1
Project("{FAE04EC0-301F-11D3-BF4B-00C04F79EFBC}") = "OnlineManagementApiConsole", "OnlineManagementApiConsole\OnlineManagementApiConsole.csproj", "{6BD96E97-5B65-455F-9270-310862268B15}"
EndProject
Project("{FAE04EC0-301F-11D3-BF4B-00C04F79EFBC}") = "OnlineManagementApiWrapper", "OnlineManagementApiWrapper\OnlineManagementApiWrapper.csproj", "{CA362C30-E755-481A-A060-3557EB893513}"
EndProject
Global
	GlobalSection(SolutionConfigurationPlatforms) = preSolution
		Debug|Any CPU = Debug|Any CPU
		Release|Any CPU = Release|Any CPU
	EndGlobalSection
	GlobalSection(ProjectConfigurationPlatforms) = postSolution
		{6BD96E97-5B65-455F-9270-310862268B15}.Debug|Any CPU.ActiveCfg = Debug|Any CPU
		{6BD96E97-5B65-455F-9270-310862268B15}.Debug|Any CPU.Build.0 = Debug|Any CPU
		{6BD96E97-5B65-455F-9270-310862268B15}.Release|Any CPU.ActiveCfg = Release|Any CPU
		{6BD96E97-5B65-455F-9270-310862268B15}.Release|Any CPU.Build.0 = Release|Any CPU
		{CA362C30-E755-481A-A060-3557EB893513}.Debug|Any CPU.ActiveCfg = Debug|Any CPU
		{CA362C30-E755-481A-A060-3557EB893513}.Debug|Any CPU.Build.0 = Debug|Any CPU
		{CA362C30-E755-481A-A060-3557EB893513}.Release|Any CPU.ActiveCfg = Release|Any CPU
		{CA362C30-E755-481A-A060-3557EB893513}.Release|Any CPU.Build.0 = Release|Any CPU
	EndGlobalSection
	GlobalSection(SolutionProperties) = preSolution
		HideSolutionNode = FALSE
	EndGlobalSection
EndGlobal
